
Microsoft Visual Studio Solution File, Format Version 12.00
# Visual Studio Version 17
VisualStudioVersion = 17.6.33723.286
MinimumVisualStudioVersion = 10.0.40219.1
Project("{FAE04EC0-301F-11D3-BF4B-00C04F79EFBC}") = "ToastNotification", "ToastNotification\ToastNotification.csproj", "{ED1339E4-2B41-4F4E-A9D8-06058EAA4D91}"
EndProject
Project("{9A19103F-16F7-4668-BE54-9A1E7A4F7556}") = "ToastUWP", "ToastUWP\ToastUWP.csproj", "{09C4AFAB-8A54-4937-A023-D5DD61CF0952}"
EndProject
Project("{FAE04EC0-301F-11D3-BF4B-00C04F79EFBC}") = "Listener", "Listener\Listener.csproj", "{0EE54AD7-0AAD-472D-8928-570AE5FD601E}"
EndProject
Project("{FAE04EC0-301F-11D3-BF4B-00C04F79EFBC}") = "Helpers", "Helpers\Helpers.csproj", "{8F8FE07D-4546-4B6E-8183-9ED228D9F246}"
EndProject
Project("{FAE04EC0-301F-11D3-BF4B-00C04F79EFBC}") = "Models", "Models\Models.csproj", "{DA172158-3CF4-4AF5-8002-E17241CCBAEA}"
EndProject
Project("{FAE04EC0-301F-11D3-BF4B-00C04F79EFBC}") = "Tools", "Tools\Tools.csproj", "{BA65F1A0-CA4A-4EFB-ABCB-61394D062639}"
EndProject
Global
	GlobalSection(SolutionConfigurationPlatforms) = preSolution
		Debug|Any CPU = Debug|Any CPU
		Debug|ARM = Debug|ARM
		Debug|ARM64 = Debug|ARM64
		Debug|x64 = Debug|x64
		Debug|x86 = Debug|x86
		Release|Any CPU = Release|Any CPU
		Release|ARM = Release|ARM
		Release|ARM64 = Release|ARM64
		Release|x64 = Release|x64
		Release|x86 = Release|x86
	EndGlobalSection
	GlobalSection(ProjectConfigurationPlatforms) = postSolution
		{ED1339E4-2B41-4F4E-A9D8-06058EAA4D91}.Debug|Any CPU.ActiveCfg = Debug|Any CPU
		{ED1339E4-2B41-4F4E-A9D8-06058EAA4D91}.Debug|Any CPU.Build.0 = Debug|Any CPU
		{ED1339E4-2B41-4F4E-A9D8-06058EAA4D91}.Debug|ARM.ActiveCfg = Debug|Any CPU
		{ED1339E4-2B41-4F4E-A9D8-06058EAA4D91}.Debug|ARM.Build.0 = Debug|Any CPU
		{ED1339E4-2B41-4F4E-A9D8-06058EAA4D91}.Debug|ARM64.ActiveCfg = Debug|Any CPU
		{ED1339E4-2B41-4F4E-A9D8-06058EAA4D91}.Debug|ARM64.Build.0 = Debug|Any CPU
		{ED1339E4-2B41-4F4E-A9D8-06058EAA4D91}.Debug|x64.ActiveCfg = Debug|Any CPU
		{ED1339E4-2B41-4F4E-A9D8-06058EAA4D91}.Debug|x64.Build.0 = Debug|Any CPU
		{ED1339E4-2B41-4F4E-A9D8-06058EAA4D91}.Debug|x86.ActiveCfg = Debug|Any CPU
		{ED1339E4-2B41-4F4E-A9D8-06058EAA4D91}.Debug|x86.Build.0 = Debug|Any CPU
		{ED1339E4-2B41-4F4E-A9D8-06058EAA4D91}.Release|Any CPU.ActiveCfg = Release|Any CPU
		{ED1339E4-2B41-4F4E-A9D8-06058EAA4D91}.Release|Any CPU.Build.0 = Release|Any CPU
		{ED1339E4-2B41-4F4E-A9D8-06058EAA4D91}.Release|ARM.ActiveCfg = Release|Any CPU
		{ED1339E4-2B41-4F4E-A9D8-06058EAA4D91}.Release|ARM.Build.0 = Release|Any CPU
		{ED1339E4-2B41-4F4E-A9D8-06058EAA4D91}.Release|ARM64.ActiveCfg = Release|Any CPU
		{ED1339E4-2B41-4F4E-A9D8-06058EAA4D91}.Release|ARM64.Build.0 = Release|Any CPU
		{ED1339E4-2B41-4F4E-A9D8-06058EAA4D91}.Release|x64.ActiveCfg = Release|Any CPU
		{ED1339E4-2B41-4F4E-A9D8-06058EAA4D91}.Release|x64.Build.0 = Release|Any CPU
		{ED1339E4-2B41-4F4E-A9D8-06058EAA4D91}.Release|x86.ActiveCfg = Release|Any CPU
		{ED1339E4-2B41-4F4E-A9D8-06058EAA4D91}.Release|x86.Build.0 = Release|Any CPU
		{09C4AFAB-8A54-4937-A023-D5DD61CF0952}.Debug|Any CPU.ActiveCfg = Debug|Any CPU
		{09C4AFAB-8A54-4937-A023-D5DD61CF0952}.Debug|Any CPU.Build.0 = Debug|Any CPU
		{09C4AFAB-8A54-4937-A023-D5DD61CF0952}.Debug|ARM.ActiveCfg = Debug|Any CPU
		{09C4AFAB-8A54-4937-A023-D5DD61CF0952}.Debug|ARM.Build.0 = Debug|Any CPU
		{09C4AFAB-8A54-4937-A023-D5DD61CF0952}.Debug|ARM64.ActiveCfg = Debug|Any CPU
		{09C4AFAB-8A54-4937-A023-D5DD61CF0952}.Debug|ARM64.Build.0 = Debug|Any CPU
		{09C4AFAB-8A54-4937-A023-D5DD61CF0952}.Debug|x64.ActiveCfg = Debug|Any CPU
		{09C4AFAB-8A54-4937-A023-D5DD61CF0952}.Debug|x64.Build.0 = Debug|Any CPU
		{09C4AFAB-8A54-4937-A023-D5DD61CF0952}.Debug|x86.ActiveCfg = Debug|Any CPU
		{09C4AFAB-8A54-4937-A023-D5DD61CF0952}.Debug|x86.Build.0 = Debug|Any CPU
		{09C4AFAB-8A54-4937-A023-D5DD61CF0952}.Release|Any CPU.ActiveCfg = Release|Any CPU
		{09C4AFAB-8A54-4937-A023-D5DD61CF0952}.Release|Any CPU.Build.0 = Release|Any CPU
		{09C4AFAB-8A54-4937-A023-D5DD61CF0952}.Release|ARM.ActiveCfg = Release|Any CPU
		{09C4AFAB-8A54-4937-A023-D5DD61CF0952}.Release|ARM.Build.0 = Release|Any CPU
		{09C4AFAB-8A54-4937-A023-D5DD61CF0952}.Release|ARM64.ActiveCfg = Release|Any CPU
		{09C4AFAB-8A54-4937-A023-D5DD61CF0952}.Release|ARM64.Build.0 = Release|Any CPU
		{09C4AFAB-8A54-4937-A023-D5DD61CF0952}.Release|x64.ActiveCfg = Release|Any CPU
		{09C4AFAB-8A54-4937-A023-D5DD61CF0952}.Release|x64.Build.0 = Release|Any CPU
		{09C4AFAB-8A54-4937-A023-D5DD61CF0952}.Release|x86.ActiveCfg = Release|Any CPU
		{09C4AFAB-8A54-4937-A023-D5DD61CF0952}.Release|x86.Build.0 = Release|Any CPU
		{0EE54AD7-0AAD-472D-8928-570AE5FD601E}.Debug|Any CPU.ActiveCfg = Debug|Any CPU
		{0EE54AD7-0AAD-472D-8928-570AE5FD601E}.Debug|Any CPU.Build.0 = Debug|Any CPU
		{0EE54AD7-0AAD-472D-8928-570AE5FD601E}.Debug|ARM.ActiveCfg = Debug|Any CPU
		{0EE54AD7-0AAD-472D-8928-570AE5FD601E}.Debug|ARM.Build.0 = Debug|Any CPU
		{0EE54AD7-0AAD-472D-8928-570AE5FD601E}.Debug|ARM64.ActiveCfg = Debug|Any CPU
		{0EE54AD7-0AAD-472D-8928-570AE5FD601E}.Debug|ARM64.Build.0 = Debug|Any CPU
		{0EE54AD7-0AAD-472D-8928-570AE5FD601E}.Debug|x64.ActiveCfg = Debug|Any CPU
		{0EE54AD7-0AAD-472D-8928-570AE5FD601E}.Debug|x64.Build.0 = Debug|Any CPU
		{0EE54AD7-0AAD-472D-8928-570AE5FD601E}.Debug|x86.ActiveCfg = Debug|Any CPU
		{0EE54AD7-0AAD-472D-8928-570AE5FD601E}.Debug|x86.Build.0 = Debug|Any CPU
		{0EE54AD7-0AAD-472D-8928-570AE5FD601E}.Release|Any CPU.ActiveCfg = Release|Any CPU
		{0EE54AD7-0AAD-472D-8928-570AE5FD601E}.Release|Any CPU.Build.0 = Release|Any CPU
		{0EE54AD7-0AAD-472D-8928-570AE5FD601E}.Release|ARM.ActiveCfg = Release|Any CPU
		{0EE54AD7-0AAD-472D-8928-570AE5FD601E}.Release|ARM.Build.0 = Release|Any CPU
		{0EE54AD7-0AAD-472D-8928-570AE5FD601E}.Release|ARM64.ActiveCfg = Release|Any CPU
		{0EE54AD7-0AAD-472D-8928-570AE5FD601E}.Release|ARM64.Build.0 = Release|Any CPU
		{0EE54AD7-0AAD-472D-8928-570AE5FD601E}.Release|x64.ActiveCfg = Release|Any CPU
		{0EE54AD7-0AAD-472D-8928-570AE5FD601E}.Release|x64.Build.0 = Release|Any CPU
		{0EE54AD7-0AAD-472D-8928-570AE5FD601E}.Release|x86.ActiveCfg = Release|Any CPU
		{0EE54AD7-0AAD-472D-8928-570AE5FD601E}.Release|x86.Build.0 = Release|Any CPU
		{8F8FE07D-4546-4B6E-8183-9ED228D9F246}.Debug|Any CPU.ActiveCfg = Debug|Any CPU
		{8F8FE07D-4546-4B6E-8183-9ED228D9F246}.Debug|Any CPU.Build.0 = Debug|Any CPU
		{8F8FE07D-4546-4B6E-8183-9ED228D9F246}.Debug|ARM.ActiveCfg = Debug|Any CPU
		{8F8FE07D-4546-4B6E-8183-9ED228D9F246}.Debug|ARM.Build.0 = Debug|Any CPU
		{8F8FE07D-4546-4B6E-8183-9ED228D9F246}.Debug|ARM64.ActiveCfg = Debug|Any CPU
		{8F8FE07D-4546-4B6E-8183-9ED228D9F246}.Debug|ARM64.Build.0 = Debug|Any CPU
		{8F8FE07D-4546-4B6E-8183-9ED228D9F246}.Debug|x64.ActiveCfg = Debug|Any CPU
		{8F8FE07D-4546-4B6E-8183-9ED228D9F246}.Debug|x64.Build.0 = Debug|Any CPU
		{8F8FE07D-4546-4B6E-8183-9ED228D9F246}.Debug|x86.ActiveCfg = Debug|Any CPU
		{8F8FE07D-4546-4B6E-8183-9ED228D9F246}.Debug|x86.Build.0 = Debug|Any CPU
		{8F8FE07D-4546-4B6E-8183-9ED228D9F246}.Release|Any CPU.ActiveCfg = Release|Any CPU
		{8F8FE07D-4546-4B6E-8183-9ED228D9F246}.Release|Any CPU.Build.0 = Release|Any CPU
		{8F8FE07D-4546-4B6E-8183-9ED228D9F246}.Release|ARM.ActiveCfg = Release|Any CPU
		{8F8FE07D-4546-4B6E-8183-9ED228D9F246}.Release|ARM.Build.0 = Release|Any CPU
		{8F8FE07D-4546-4B6E-8183-9ED228D9F246}.Release|ARM64.ActiveCfg = Release|Any CPU
		{8F8FE07D-4546-4B6E-8183-9ED228D9F246}.Release|ARM64.Build.0 = Release|Any CPU
		{8F8FE07D-4546-4B6E-8183-9ED228D9F246}.Release|x64.ActiveCfg = Release|Any CPU
		{8F8FE07D-4546-4B6E-8183-9ED228D9F246}.Release|x64.Build.0 = Release|Any CPU
		{8F8FE07D-4546-4B6E-8183-9ED228D9F246}.Release|x86.ActiveCfg = Release|Any CPU
		{8F8FE07D-4546-4B6E-8183-9ED228D9F246}.Release|x86.Build.0 = Release|Any CPU
		{DA172158-3CF4-4AF5-8002-E17241CCBAEA}.Debug|Any CPU.ActiveCfg = Debug|Any CPU
		{DA172158-3CF4-4AF5-8002-E17241CCBAEA}.Debug|Any CPU.Build.0 = Debug|Any CPU
		{DA172158-3CF4-4AF5-8002-E17241CCBAEA}.Debug|ARM.ActiveCfg = Debug|Any CPU
		{DA172158-3CF4-4AF5-8002-E17241CCBAEA}.Debug|ARM.Build.0 = Debug|Any CPU
		{DA172158-3CF4-4AF5-8002-E17241CCBAEA}.Debug|ARM64.ActiveCfg = Debug|Any CPU
		{DA172158-3CF4-4AF5-8002-E17241CCBAEA}.Debug|ARM64.Build.0 = Debug|Any CPU
		{DA172158-3CF4-4AF5-8002-E17241CCBAEA}.Debug|x64.ActiveCfg = Debug|Any CPU
		{DA172158-3CF4-4AF5-8002-E17241CCBAEA}.Debug|x64.Build.0 = Debug|Any CPU
		{DA172158-3CF4-4AF5-8002-E17241CCBAEA}.Debug|x86.ActiveCfg = Debug|Any CPU
		{DA172158-3CF4-4AF5-8002-E17241CCBAEA}.Debug|x86.Build.0 = Debug|Any CPU
		{DA172158-3CF4-4AF5-8002-E17241CCBAEA}.Release|Any CPU.ActiveCfg = Release|Any CPU
		{DA172158-3CF4-4AF5-8002-E17241CCBAEA}.Release|Any CPU.Build.0 = Release|Any CPU
		{DA172158-3CF4-4AF5-8002-E17241CCBAEA}.Release|ARM.ActiveCfg = Release|Any CPU
		{DA172158-3CF4-4AF5-8002-E17241CCBAEA}.Release|ARM.Build.0 = Release|Any CPU
		{DA172158-3CF4-4AF5-8002-E17241CCBAEA}.Release|ARM64.ActiveCfg = Release|Any CPU
		{DA172158-3CF4-4AF5-8002-E17241CCBAEA}.Release|ARM64.Build.0 = Release|Any CPU
		{DA172158-3CF4-4AF5-8002-E17241CCBAEA}.Release|x64.ActiveCfg = Release|Any CPU
		{DA172158-3CF4-4AF5-8002-E17241CCBAEA}.Release|x64.Build.0 = Release|Any CPU
		{DA172158-3CF4-4AF5-8002-E17241CCBAEA}.Release|x86.ActiveCfg = Release|Any CPU
		{DA172158-3CF4-4AF5-8002-E17241CCBAEA}.Release|x86.Build.0 = Release|Any CPU
		{BA65F1A0-CA4A-4EFB-ABCB-61394D062639}.Debug|Any CPU.ActiveCfg = Debug|Any CPU
		{BA65F1A0-CA4A-4EFB-ABCB-61394D062639}.Debug|Any CPU.Build.0 = Debug|Any CPU
		{BA65F1A0-CA4A-4EFB-ABCB-61394D062639}.Debug|ARM.ActiveCfg = Debug|Any CPU
		{BA65F1A0-CA4A-4EFB-ABCB-61394D062639}.Debug|ARM.Build.0 = Debug|Any CPU
		{BA65F1A0-CA4A-4EFB-ABCB-61394D062639}.Debug|ARM64.ActiveCfg = Debug|Any CPU
		{BA65F1A0-CA4A-4EFB-ABCB-61394D062639}.Debug|ARM64.Build.0 = Debug|Any CPU
		{BA65F1A0-CA4A-4EFB-ABCB-61394D062639}.Debug|x64.ActiveCfg = Debug|Any CPU
		{BA65F1A0-CA4A-4EFB-ABCB-61394D062639}.Debug|x64.Build.0 = Debug|Any CPU
		{BA65F1A0-CA4A-4EFB-ABCB-61394D062639}.Debug|x86.ActiveCfg = Debug|Any CPU
		{BA65F1A0-CA4A-4EFB-ABCB-61394D062639}.Debug|x86.Build.0 = Debug|Any CPU
		{BA65F1A0-CA4A-4EFB-ABCB-61394D062639}.Release|Any CPU.ActiveCfg = Release|Any CPU
		{BA65F1A0-CA4A-4EFB-ABCB-61394D062639}.Release|Any CPU.Build.0 = Release|Any CPU
		{BA65F1A0-CA4A-4EFB-ABCB-61394D062639}.Release|ARM.ActiveCfg = Release|Any CPU
		{BA65F1A0-CA4A-4EFB-ABCB-61394D062639}.Release|ARM.Build.0 = Release|Any CPU
		{BA65F1A0-CA4A-4EFB-ABCB-61394D062639}.Release|ARM64.ActiveCfg = Release|Any CPU
		{BA65F1A0-CA4A-4EFB-ABCB-61394D062639}.Release|ARM64.Build.0 = Release|Any CPU
		{BA65F1A0-CA4A-4EFB-ABCB-61394D062639}.Release|x64.ActiveCfg = Release|Any CPU
		{BA65F1A0-CA4A-4EFB-ABCB-61394D062639}.Release|x64.Build.0 = Release|Any CPU
		{BA65F1A0-CA4A-4EFB-ABCB-61394D062639}.Release|x86.ActiveCfg = Release|Any CPU
		{BA65F1A0-CA4A-4EFB-ABCB-61394D062639}.Release|x86.Build.0 = Release|Any CPU
	EndGlobalSection
	GlobalSection(SolutionProperties) = preSolution
		HideSolutionNode = FALSE
	EndGlobalSection
	GlobalSection(ExtensibilityGlobals) = postSolution
		SolutionGuid = {91C21B54-404E-48B7-B3E6-319BEA359757}
	EndGlobalSection
EndGlobal
